{
    "name": "tlist",
    "version": "1.0.0",
    "lockfileVersion": 1,
    "requires": true,
    "dependencies": {
        "elist": {
            "version": "1.4.13",
            "resolved": "https://registry.npmjs.org/elist/-/elist-1.4.13.tgz",
            "integrity": "sha512-qSkbhg5HfjARLgzzlOqWgWI0C8kfA9h9lIqsMaH0Vk89zr1Zn6gp4T6vuo99GgtEoK9wi6dn3Kr/IrTrnT+fZA=="
        }
    }
}
