{
    "name": "tlist",
    "version": "1.0.2",
    "lockfileVersion": 1,
    "requires": true,
    "dependencies": {
        "elist": {
            "version": "1.4.17",
            "resolved": "https://registry.npmjs.org/elist/-/elist-1.4.17.tgz",
            "integrity": "sha512-tDw5lVT4OjBUzWRwfROdvCXpg7kERdCjrRrTygsZ9BTo3yv26Nc9jdfxc+K4YfjDapnJeZ7JvxLFLrQAWqsq9g=="
        }
    }
}
